
Microsoft Visual Studio Solution File, Format Version 12.00
# Visual Studio 2013
VisualStudioVersion = 12.0.21005.1
MinimumVisualStudioVersion = 10.0.40219.1
Project("{8BC9CEB8-8B4A-11D0-8D11-00A0C91BC942}") = "ConsoleApplication15", "ConsoleApplication15\ConsoleApplication15.vcxproj", "{010CB2BB-DF59-4F8B-B1F0-C21D67E47F42}"
EndProject
Global
	GlobalSection(SolutionConfigurationPlatforms) = preSolution
		Debug|Win32 = Debug|Win32
		Release|Win32 = Release|Win32
	EndGlobalSection
	GlobalSection(ProjectConfigurationPlatforms) = postSolution
		{010CB2BB-DF59-4F8B-B1F0-C21D67E47F42}.Debug|Win32.ActiveCfg = Debug|Win32
		{010CB2BB-DF59-4F8B-B1F0-C21D67E47F42}.Debug|Win32.Build.0 = Debug|Win32
		{010CB2BB-DF59-4F8B-B1F0-C21D67E47F42}.Release|Win32.ActiveCfg = Release|Win32
		{010CB2BB-DF59-4F8B-B1F0-C21D67E47F42}.Release|Win32.Build.0 = Release|Win32
	EndGlobalSection
	GlobalSection(SolutionProperties) = preSolution
		HideSolutionNode = FALSE
	EndGlobalSection
EndGlobal
